// !$*UTF8*$!
{
	archiveVersion = 1;
	classes = {
	};
	objectVersion = 51;
	objects = {

/* Begin PBXBuildFile section */
		225E1F3D2401A9730063F1D7 /* CreateMetrocardController.swift in Sources */ = {isa = PBXBuildFile; fileRef = 225E1F3C2401A9730063F1D7 /* CreateMetrocardController.swift */; };
		227314BD23FF6EBF001C6209 /* HomepageController.swift in Sources */ = {isa = PBXBuildFile; fileRef = 227314BC23FF6EBF001C6209 /* HomepageController.swift */; };
		227314BF23FFA5B9001C6209 /* TrainCell.swift in Sources */ = {isa = PBXBuildFile; fileRef = 227314BE23FFA5B9001C6209 /* TrainCell.swift */; };
		227314C123FFA6A3001C6209 /* Train.swift in Sources */ = {isa = PBXBuildFile; fileRef = 227314C023FFA6A3001C6209 /* Train.swift */; };
		22AEE08A2410952500F12018 /* SignUpController.swift in Sources */ = {isa = PBXBuildFile; fileRef = 22AEE0892410952500F12018 /* SignUpController.swift */; };
		22AEE08C2410954D00F12018 /* NavigationController.swift in Sources */ = {isa = PBXBuildFile; fileRef = 22AEE08B2410954D00F12018 /* NavigationController.swift */; };
		22AEE08E2410957400F12018 /* User.swift in Sources */ = {isa = PBXBuildFile; fileRef = 22AEE08D2410957400F12018 /* User.swift */; };
		22AEE0902410958A00F12018 /* Metrocard.swift in Sources */ = {isa = PBXBuildFile; fileRef = 22AEE08F2410958A00F12018 /* Metrocard.swift */; };
		22AEE0942410992B00F12018 /* LoginController.swift in Sources */ = {isa = PBXBuildFile; fileRef = 22AEE0932410992B00F12018 /* LoginController.swift */; };
		22BC91BF24039C1F000C5551 /* RefillController.swift in Sources */ = {isa = PBXBuildFile; fileRef = 22BC91BE24039C1F000C5551 /* RefillController.swift */; };
		22BC91C12404330F000C5551 /* MetrocardController.swift in Sources */ = {isa = PBXBuildFile; fileRef = 22BC91C02404330F000C5551 /* MetrocardController.swift */; };
		22EC0A6323FF628900B022A2 /* AppDelegate.swift in Sources */ = {isa = PBXBuildFile; fileRef = 22EC0A6223FF628900B022A2 /* AppDelegate.swift */; };
		22EC0A6523FF628900B022A2 /* SceneDelegate.swift in Sources */ = {isa = PBXBuildFile; fileRef = 22EC0A6423FF628900B022A2 /* SceneDelegate.swift */; };
		22EC0A6A23FF628900B022A2 /* Main.storyboard in Resources */ = {isa = PBXBuildFile; fileRef = 22EC0A6823FF628900B022A2 /* Main.storyboard */; };
		22EC0A6F23FF628A00B022A2 /* Assets.xcassets in Resources */ = {isa = PBXBuildFile; fileRef = 22EC0A6E23FF628A00B022A2 /* Assets.xcassets */; };
		76B7EF9740C74B8BF8979EE7 /* libPods-MeTA.a in Frameworks */ = {isa = PBXBuildFile; fileRef = C46B8DA9D21B12747D669893 /* libPods-MeTA.a */; };
		D616EB1E240AE99900D7E971 /* GoogleDataProvider.swift in Sources */ = {isa = PBXBuildFile; fileRef = D616EB1D240AE99900D7E971 /* GoogleDataProvider.swift */; };
		D616EB20240AE9AC00D7E971 /* GooglePlace.swift in Sources */ = {isa = PBXBuildFile; fileRef = D616EB1F240AE9AC00D7E971 /* GooglePlace.swift */; };
		D63D5C412409AE6B0087C399 /* MapViewController.swift in Sources */ = {isa = PBXBuildFile; fileRef = D63D5C402409AE6B0087C399 /* MapViewController.swift */; };
		D67D8DFB240B1E47002EB53E /* PlaceMarker.swift in Sources */ = {isa = PBXBuildFile; fileRef = D67D8DFA240B1E47002EB53E /* PlaceMarker.swift */; };
		D67D8DFD240B1FB0002EB53E /* TypesTableViewController.swift in Sources */ = {isa = PBXBuildFile; fileRef = D67D8DFC240B1FB0002EB53E /* TypesTableViewController.swift */; };
		D67D8E03240B23E3002EB53E /* MarkerInfoView.swift in Sources */ = {isa = PBXBuildFile; fileRef = D67D8E02240B23E3002EB53E /* MarkerInfoView.swift */; };
		D67D8E05240B2488002EB53E /* UIViewExtension.swift in Sources */ = {isa = PBXBuildFile; fileRef = D67D8E04240B2488002EB53E /* UIViewExtension.swift */; };
		D6A0A7CC242412610082AA32 /* MarkerInfoView.xib in Resources */ = {isa = PBXBuildFile; fileRef = D6A0A7CB242412600082AA32 /* MarkerInfoView.xib */; };
		F53F89512409770A00672B94 /* OMNYClassifier3.mlmodel in Sources */ = {isa = PBXBuildFile; fileRef = F53F89502409770A00672B94 /* OMNYClassifier3.mlmodel */; };
		F578A4F9240892F70070B42E /* CoreMLController.swift in Sources */ = {isa = PBXBuildFile; fileRef = F578A4F8240892F70070B42E /* CoreMLController.swift */; };
/* End PBXBuildFile section */

/* Begin PBXFileReference section */
		225E1F3C2401A9730063F1D7 /* CreateMetrocardController.swift */ = {isa = PBXFileReference; lastKnownFileType = sourcecode.swift; path = CreateMetrocardController.swift; sourceTree = "<group>"; };
		227314BC23FF6EBF001C6209 /* HomepageController.swift */ = {isa = PBXFileReference; lastKnownFileType = sourcecode.swift; path = HomepageController.swift; sourceTree = "<group>"; };
		227314BE23FFA5B9001C6209 /* TrainCell.swift */ = {isa = PBXFileReference; lastKnownFileType = sourcecode.swift; path = TrainCell.swift; sourceTree = "<group>"; };
		227314C023FFA6A3001C6209 /* Train.swift */ = {isa = PBXFileReference; lastKnownFileType = sourcecode.swift; path = Train.swift; sourceTree = "<group>"; };
		22AEE0892410952500F12018 /* SignUpController.swift */ = {isa = PBXFileReference; lastKnownFileType = sourcecode.swift; path = SignUpController.swift; sourceTree = "<group>"; };
		22AEE08B2410954D00F12018 /* NavigationController.swift */ = {isa = PBXFileReference; lastKnownFileType = sourcecode.swift; path = NavigationController.swift; sourceTree = "<group>"; };
		22AEE08D2410957400F12018 /* User.swift */ = {isa = PBXFileReference; lastKnownFileType = sourcecode.swift; path = User.swift; sourceTree = "<group>"; };
		22AEE08F2410958A00F12018 /* Metrocard.swift */ = {isa = PBXFileReference; lastKnownFileType = sourcecode.swift; path = Metrocard.swift; sourceTree = "<group>"; };
		22AEE0932410992B00F12018 /* LoginController.swift */ = {isa = PBXFileReference; lastKnownFileType = sourcecode.swift; path = LoginController.swift; sourceTree = "<group>"; };
		22BC91BE24039C1F000C5551 /* RefillController.swift */ = {isa = PBXFileReference; lastKnownFileType = sourcecode.swift; path = RefillController.swift; sourceTree = "<group>"; };
		22BC91C02404330F000C5551 /* MetrocardController.swift */ = {isa = PBXFileReference; fileEncoding = 4; lastKnownFileType = sourcecode.swift; path = MetrocardController.swift; sourceTree = "<group>"; };
		22EC0A5F23FF628900B022A2 /* MeTA.app */ = {isa = PBXFileReference; explicitFileType = wrapper.application; includeInIndex = 0; path = MeTA.app; sourceTree = BUILT_PRODUCTS_DIR; };
		22EC0A6223FF628900B022A2 /* AppDelegate.swift */ = {isa = PBXFileReference; lastKnownFileType = sourcecode.swift; path = AppDelegate.swift; sourceTree = "<group>"; };
		22EC0A6423FF628900B022A2 /* SceneDelegate.swift */ = {isa = PBXFileReference; lastKnownFileType = sourcecode.swift; path = SceneDelegate.swift; sourceTree = "<group>"; };
		22EC0A6923FF628900B022A2 /* Base */ = {isa = PBXFileReference; lastKnownFileType = file.storyboard; name = Base; path = Base.lproj/Main.storyboard; sourceTree = "<group>"; };
		22EC0A6E23FF628A00B022A2 /* Assets.xcassets */ = {isa = PBXFileReference; lastKnownFileType = folder.assetcatalog; path = Assets.xcassets; sourceTree = "<group>"; };
		22EC0A7323FF628A00B022A2 /* Info.plist */ = {isa = PBXFileReference; lastKnownFileType = text.plist.xml; path = Info.plist; sourceTree = "<group>"; };
		9990882020BFF4621ED34566 /* Pods-MeTA.release.xcconfig */ = {isa = PBXFileReference; includeInIndex = 1; lastKnownFileType = text.xcconfig; name = "Pods-MeTA.release.xcconfig"; path = "Target Support Files/Pods-MeTA/Pods-MeTA.release.xcconfig"; sourceTree = "<group>"; };
		AFC967ECB96BF6BD23FBE448 /* Pods-MeTA.debug.xcconfig */ = {isa = PBXFileReference; includeInIndex = 1; lastKnownFileType = text.xcconfig; name = "Pods-MeTA.debug.xcconfig"; path = "Target Support Files/Pods-MeTA/Pods-MeTA.debug.xcconfig"; sourceTree = "<group>"; };
		C46B8DA9D21B12747D669893 /* libPods-MeTA.a */ = {isa = PBXFileReference; explicitFileType = archive.ar; includeInIndex = 0; path = "libPods-MeTA.a"; sourceTree = BUILT_PRODUCTS_DIR; };
		D616EB1D240AE99900D7E971 /* GoogleDataProvider.swift */ = {isa = PBXFileReference; lastKnownFileType = sourcecode.swift; path = GoogleDataProvider.swift; sourceTree = "<group>"; };
		D616EB1F240AE9AC00D7E971 /* GooglePlace.swift */ = {isa = PBXFileReference; lastKnownFileType = sourcecode.swift; path = GooglePlace.swift; sourceTree = "<group>"; };
		D63D5C402409AE6B0087C399 /* MapViewController.swift */ = {isa = PBXFileReference; lastKnownFileType = sourcecode.swift; path = MapViewController.swift; sourceTree = "<group>"; };
		D67D8DFA240B1E47002EB53E /* PlaceMarker.swift */ = {isa = PBXFileReference; lastKnownFileType = sourcecode.swift; path = PlaceMarker.swift; sourceTree = "<group>"; };
		D67D8DFC240B1FB0002EB53E /* TypesTableViewController.swift */ = {isa = PBXFileReference; lastKnownFileType = sourcecode.swift; path = TypesTableViewController.swift; sourceTree = "<group>"; };
		D67D8E02240B23E3002EB53E /* MarkerInfoView.swift */ = {isa = PBXFileReference; lastKnownFileType = sourcecode.swift; path = MarkerInfoView.swift; sourceTree = "<group>"; };
		D67D8E04240B2488002EB53E /* UIViewExtension.swift */ = {isa = PBXFileReference; lastKnownFileType = sourcecode.swift; path = UIViewExtension.swift; sourceTree = "<group>"; };
		D6A0A7CB242412600082AA32 /* MarkerInfoView.xib */ = {isa = PBXFileReference; fileEncoding = 4; lastKnownFileType = file.xib; name = MarkerInfoView.xib; path = "../../../../MobileApp/Feed_Me_Completed/Feed Me/Views/MarkerInfoView.xib"; sourceTree = "<group>"; };
		F53F89502409770A00672B94 /* OMNYClassifier3.mlmodel */ = {isa = PBXFileReference; lastKnownFileType = file.mlmodel; path = OMNYClassifier3.mlmodel; sourceTree = "<group>"; };
		F578A4F8240892F70070B42E /* CoreMLController.swift */ = {isa = PBXFileReference; lastKnownFileType = sourcecode.swift; path = CoreMLController.swift; sourceTree = "<group>"; };
/* End PBXFileReference section */

/* Begin PBXFrameworksBuildPhase section */
		22EC0A5C23FF628900B022A2 /* Frameworks */ = {
			isa = PBXFrameworksBuildPhase;
			buildActionMask = 2147483647;
			files = (
				76B7EF9740C74B8BF8979EE7 /* libPods-MeTA.a in Frameworks */,
			);
			runOnlyForDeploymentPostprocessing = 0;
		};
/* End PBXFrameworksBuildPhase section */

/* Begin PBXGroup section */
		225E1F3E2401A99B0063F1D7 /* Controllers */ = {
			isa = PBXGroup;
			children = (
				F578A4F8240892F70070B42E /* CoreMLController.swift */,
				225E1F3C2401A9730063F1D7 /* CreateMetrocardController.swift */,
				F53F89502409770A00672B94 /* OMNYClassifier3.mlmodel */,
				227314BC23FF6EBF001C6209 /* HomepageController.swift */,
				22BC91BE24039C1F000C5551 /* RefillController.swift */,
				22BC91C02404330F000C5551 /* MetrocardController.swift */,
				D63D5C402409AE6B0087C399 /* MapViewController.swift */,
				D67D8DFC240B1FB0002EB53E /* TypesTableViewController.swift */,
				22AEE0892410952500F12018 /* SignUpController.swift */,
				22AEE08B2410954D00F12018 /* NavigationController.swift */,
				22AEE0932410992B00F12018 /* LoginController.swift */,
			);
			path = Controllers;
			sourceTree = "<group>";
		};
		225E1F3F2401AD230063F1D7 /* Model */ = {
			isa = PBXGroup;
			children = (
				227314BE23FFA5B9001C6209 /* TrainCell.swift */,
				D616EB1D240AE99900D7E971 /* GoogleDataProvider.swift */,
				D616EB1F240AE9AC00D7E971 /* GooglePlace.swift */,
				227314C023FFA6A3001C6209 /* Train.swift */,
				D67D8DFA240B1E47002EB53E /* PlaceMarker.swift */,
				22AEE08D2410957400F12018 /* User.swift */,
				22AEE08F2410958A00F12018 /* Metrocard.swift */,
			);
			path = Model;
			sourceTree = "<group>";
		};
		22EC0A5623FF628900B022A2 = {
			isa = PBXGroup;
			children = (
				22EC0A6123FF628900B022A2 /* MeTA */,
				22EC0A6023FF628900B022A2 /* Products */,
				450AD02CA98F45C9724BC895 /* Pods */,
				762D535569551AA50B111E2E /* Frameworks */,
			);
			sourceTree = "<group>";
		};
		22EC0A6023FF628900B022A2 /* Products */ = {
			isa = PBXGroup;
			children = (
				22EC0A5F23FF628900B022A2 /* MeTA.app */,
			);
			name = Products;
			sourceTree = "<group>";
		};
		22EC0A6123FF628900B022A2 /* MeTA */ = {
			isa = PBXGroup;
			children = (
				D67D8DFF240B23C3002EB53E /* Views */,
				225E1F3F2401AD230063F1D7 /* Model */,
				225E1F3E2401A99B0063F1D7 /* Controllers */,
				22EC0A6223FF628900B022A2 /* AppDelegate.swift */,
				22EC0A6423FF628900B022A2 /* SceneDelegate.swift */,
				22EC0A6823FF628900B022A2 /* Main.storyboard */,
				22EC0A6E23FF628A00B022A2 /* Assets.xcassets */,
				22EC0A7323FF628A00B022A2 /* Info.plist */,
			);
			path = MeTA;
			sourceTree = "<group>";
		};
		450AD02CA98F45C9724BC895 /* Pods */ = {
			isa = PBXGroup;
			children = (
				AFC967ECB96BF6BD23FBE448 /* Pods-MeTA.debug.xcconfig */,
				9990882020BFF4621ED34566 /* Pods-MeTA.release.xcconfig */,
			);
			path = Pods;
			sourceTree = "<group>";
		};
		762D535569551AA50B111E2E /* Frameworks */ = {
			isa = PBXGroup;
			children = (
				C46B8DA9D21B12747D669893 /* libPods-MeTA.a */,
			);
			name = Frameworks;
			sourceTree = "<group>";
		};
		D67D8DFF240B23C3002EB53E /* Views */ = {
			isa = PBXGroup;
			children = (
				D67D8E02240B23E3002EB53E /* MarkerInfoView.swift */,
				D67D8E04240B2488002EB53E /* UIViewExtension.swift */,
				D6A0A7CB242412600082AA32 /* MarkerInfoView.xib */,
			);
			path = Views;
			sourceTree = "<group>";
		};
/* End PBXGroup section */

/* Begin PBXNativeTarget section */
		22EC0A5E23FF628900B022A2 /* MeTA */ = {
			isa = PBXNativeTarget;
			buildConfigurationList = 22EC0A7623FF628A00B022A2 /* Build configuration list for PBXNativeTarget "MeTA" */;
			buildPhases = (
				06BA6471447F7FA3BA28CB9D /* [CP] Check Pods Manifest.lock */,
				22EC0A5B23FF628900B022A2 /* Sources */,
				22EC0A5C23FF628900B022A2 /* Frameworks */,
				22EC0A5D23FF628900B022A2 /* Resources */,
				2276429A241CC0010032086C /* ShellScript */,
				78F4C243D57D8E2CFE9A85E5 /* [CP] Copy Pods Resources */,
			);
			buildRules = (
			);
			dependencies = (
			);
			name = MeTA;
			productName = MeTA;
			productReference = 22EC0A5F23FF628900B022A2 /* MeTA.app */;
			productType = "com.apple.product-type.application";
		};
/* End PBXNativeTarget section */

/* Begin PBXProject section */
		22EC0A5723FF628900B022A2 /* Project object */ = {
			isa = PBXProject;
			attributes = {
				LastSwiftUpdateCheck = 1130;
				LastUpgradeCheck = 1130;
				ORGANIZATIONNAME = "senior design";
				TargetAttributes = {
					22EC0A5E23FF628900B022A2 = {
						CreatedOnToolsVersion = 11.3.1;
					};
				};
			};
			buildConfigurationList = 22EC0A5A23FF628900B022A2 /* Build configuration list for PBXProject "MeTA" */;
			compatibilityVersion = "Xcode 9.3";
			developmentRegion = en;
			hasScannedForEncodings = 0;
			knownRegions = (
				en,
				Base,
			);
			mainGroup = 22EC0A5623FF628900B022A2;
			productRefGroup = 22EC0A6023FF628900B022A2 /* Products */;
			projectDirPath = "";
			projectRoot = "";
			targets = (
				22EC0A5E23FF628900B022A2 /* MeTA */,
			);
		};
/* End PBXProject section */

/* Begin PBXResourcesBuildPhase section */
		22EC0A5D23FF628900B022A2 /* Resources */ = {
			isa = PBXResourcesBuildPhase;
			buildActionMask = 2147483647;
			files = (
				22EC0A6F23FF628A00B022A2 /* Assets.xcassets in Resources */,
				D6A0A7CC242412610082AA32 /* MarkerInfoView.xib in Resources */,
				22EC0A6A23FF628900B022A2 /* Main.storyboard in Resources */,
			);
			runOnlyForDeploymentPostprocessing = 0;
		};
/* End PBXResourcesBuildPhase section */

/* Begin PBXShellScriptBuildPhase section */
		06BA6471447F7FA3BA28CB9D /* [CP] Check Pods Manifest.lock */ = {
			isa = PBXShellScriptBuildPhase;
			buildActionMask = 2147483647;
			files = (
			);
			inputFileListPaths = (
			);
			inputPaths = (
				"${PODS_PODFILE_DIR_PATH}/Podfile.lock",
				"${PODS_ROOT}/Manifest.lock",
			);
			name = "[CP] Check Pods Manifest.lock";
			outputFileListPaths = (
			);
			outputPaths = (
				"$(DERIVED_FILE_DIR)/Pods-MeTA-checkManifestLockResult.txt",
			);
			runOnlyForDeploymentPostprocessing = 0;
			shellPath = /bin/sh;
			shellScript = "diff \"${PODS_PODFILE_DIR_PATH}/Podfile.lock\" \"${PODS_ROOT}/Manifest.lock\" > /dev/null\nif [ $? != 0 ] ; then\n    # print error to STDERR\n    echo \"error: The sandbox is not in sync with the Podfile.lock. Run 'pod install' or update your CocoaPods installation.\" >&2\n    exit 1\nfi\n# This output is used by Xcode 'outputs' to avoid re-running this script phase.\necho \"SUCCESS\" > \"${SCRIPT_OUTPUT_FILE_0}\"\n";
			showEnvVarsInLog = 0;
		};
		2276429A241CC0010032086C /* ShellScript */ = {
			isa = PBXShellScriptBuildPhase;
			buildActionMask = 2147483647;
			files = (
			);
			inputFileListPaths = (
			);
			inputPaths = (
			);
			outputFileListPaths = (
			);
			outputPaths = (
			);
			runOnlyForDeploymentPostprocessing = 0;
			shellPath = /bin/sh;
			shellScript = "# Type a script or drag a script file from your workspace to insert its path.\n";
			showEnvVarsInLog = 0;
		};
		78F4C243D57D8E2CFE9A85E5 /* [CP] Copy Pods Resources */ = {
			isa = PBXShellScriptBuildPhase;
			buildActionMask = 2147483647;
			files = (
			);
			inputFileListPaths = (
				"${PODS_ROOT}/Target Support Files/Pods-MeTA/Pods-MeTA-resources-${CONFIGURATION}-input-files.xcfilelist",
			);
			name = "[CP] Copy Pods Resources";
			outputFileListPaths = (
				"${PODS_ROOT}/Target Support Files/Pods-MeTA/Pods-MeTA-resources-${CONFIGURATION}-output-files.xcfilelist",
			);
			runOnlyForDeploymentPostprocessing = 0;
			shellPath = /bin/sh;
			shellScript = "\"${PODS_ROOT}/Target Support Files/Pods-MeTA/Pods-MeTA-resources.sh\"\n";
			showEnvVarsInLog = 0;
		};
/* End PBXShellScriptBuildPhase section */

/* Begin PBXSourcesBuildPhase section */
		22EC0A5B23FF628900B022A2 /* Sources */ = {
			isa = PBXSourcesBuildPhase;
			buildActionMask = 2147483647;
			files = (
				22BC91BF24039C1F000C5551 /* RefillController.swift in Sources */,
				D67D8E03240B23E3002EB53E /* MarkerInfoView.swift in Sources */,
				227314C123FFA6A3001C6209 /* Train.swift in Sources */,
				227314BF23FFA5B9001C6209 /* TrainCell.swift in Sources */,
				F578A4F9240892F70070B42E /* CoreMLController.swift in Sources */,
				D63D5C412409AE6B0087C399 /* MapViewController.swift in Sources */,
				F53F89512409770A00672B94 /* OMNYClassifier3.mlmodel in Sources */,
				225E1F3D2401A9730063F1D7 /* CreateMetrocardController.swift in Sources */,
				22AEE08E2410957400F12018 /* User.swift in Sources */,
				D616EB1E240AE99900D7E971 /* GoogleDataProvider.swift in Sources */,
				D67D8DFD240B1FB0002EB53E /* TypesTableViewController.swift in Sources */,
				22AEE0942410992B00F12018 /* LoginController.swift in Sources */,
				22AEE0902410958A00F12018 /* Metrocard.swift in Sources */,
				227314BD23FF6EBF001C6209 /* HomepageController.swift in Sources */,
				22AEE08A2410952500F12018 /* SignUpController.swift in Sources */,
				22AEE08C2410954D00F12018 /* NavigationController.swift in Sources */,
				D67D8E05240B2488002EB53E /* UIViewExtension.swift in Sources */,
				22EC0A6323FF628900B022A2 /* AppDelegate.swift in Sources */,
				22EC0A6523FF628900B022A2 /* SceneDelegate.swift in Sources */,
				D616EB20240AE9AC00D7E971 /* GooglePlace.swift in Sources */,
				D67D8DFB240B1E47002EB53E /* PlaceMarker.swift in Sources */,
				22BC91C12404330F000C5551 /* MetrocardController.swift in Sources */,
			);
			runOnlyForDeploymentPostprocessing = 0;
		};
/* End PBXSourcesBuildPhase section */

/* Begin PBXVariantGroup section */
		22EC0A6823FF628900B022A2 /* Main.storyboard */ = {
			isa = PBXVariantGroup;
			children = (
				22EC0A6923FF628900B022A2 /* Base */,
			);
			name = Main.storyboard;
			sourceTree = "<group>";
		};
/* End PBXVariantGroup section */

/* Begin XCBuildConfiguration section */
		22EC0A7423FF628A00B022A2 /* Debug */ = {
			isa = XCBuildConfiguration;
			buildSettings = {
				ALWAYS_SEARCH_USER_PATHS = NO;
				CLANG_ANALYZER_NONNULL = YES;
				CLANG_ANALYZER_NUMBER_OBJECT_CONVERSION = YES_AGGRESSIVE;
				CLANG_CXX_LANGUAGE_STANDARD = "gnu++14";
				CLANG_CXX_LIBRARY = "libc++";
				CLANG_ENABLE_MODULES = YES;
				CLANG_ENABLE_OBJC_ARC = YES;
				CLANG_ENABLE_OBJC_WEAK = YES;
				CLANG_WARN_BLOCK_CAPTURE_AUTORELEASING = YES;
				CLANG_WARN_BOOL_CONVERSION = YES;
				CLANG_WARN_COMMA = YES;
				CLANG_WARN_CONSTANT_CONVERSION = YES;
				CLANG_WARN_DEPRECATED_OBJC_IMPLEMENTATIONS = YES;
				CLANG_WARN_DIRECT_OBJC_ISA_USAGE = YES_ERROR;
				CLANG_WARN_DOCUMENTATION_COMMENTS = YES;
				CLANG_WARN_EMPTY_BODY = YES;
				CLANG_WARN_ENUM_CONVERSION = YES;
				CLANG_WARN_INFINITE_RECURSION = YES;
				CLANG_WARN_INT_CONVERSION = YES;
				CLANG_WARN_NON_LITERAL_NULL_CONVERSION = YES;
				CLANG_WARN_OBJC_IMPLICIT_RETAIN_SELF = YES;
				CLANG_WARN_OBJC_LITERAL_CONVERSION = YES;
				CLANG_WARN_OBJC_ROOT_CLASS = YES_ERROR;
				CLANG_WARN_RANGE_LOOP_ANALYSIS = YES;
				CLANG_WARN_STRICT_PROTOTYPES = YES;
				CLANG_WARN_SUSPICIOUS_MOVE = YES;
				CLANG_WARN_UNGUARDED_AVAILABILITY = YES_AGGRESSIVE;
				CLANG_WARN_UNREACHABLE_CODE = YES;
				CLANG_WARN__DUPLICATE_METHOD_MATCH = YES;
				COPY_PHASE_STRIP = NO;
				DEBUG_INFORMATION_FORMAT = dwarf;
				ENABLE_STRICT_OBJC_MSGSEND = YES;
				ENABLE_TESTABILITY = YES;
				GCC_C_LANGUAGE_STANDARD = gnu11;
				GCC_DYNAMIC_NO_PIC = NO;
				GCC_NO_COMMON_BLOCKS = YES;
				GCC_OPTIMIZATION_LEVEL = 0;
				GCC_PREPROCESSOR_DEFINITIONS = (
					"DEBUG=1",
					"$(inherited)",
				);
				GCC_WARN_64_TO_32_BIT_CONVERSION = YES;
				GCC_WARN_ABOUT_RETURN_TYPE = YES_ERROR;
				GCC_WARN_UNDECLARED_SELECTOR = YES;
				GCC_WARN_UNINITIALIZED_AUTOS = YES_AGGRESSIVE;
				GCC_WARN_UNUSED_FUNCTION = YES;
				GCC_WARN_UNUSED_VARIABLE = YES;
				IPHONEOS_DEPLOYMENT_TARGET = 13.2;
				MTL_ENABLE_DEBUG_INFO = INCLUDE_SOURCE;
				MTL_FAST_MATH = YES;
				ONLY_ACTIVE_ARCH = YES;
				SDKROOT = iphoneos;
				SWIFT_ACTIVE_COMPILATION_CONDITIONS = DEBUG;
				SWIFT_OPTIMIZATION_LEVEL = "-Onone";
			};
			name = Debug;
		};
		22EC0A7523FF628A00B022A2 /* Release */ = {
			isa = XCBuildConfiguration;
			buildSettings = {
				ALWAYS_SEARCH_USER_PATHS = NO;
				CLANG_ANALYZER_NONNULL = YES;
				CLANG_ANALYZER_NUMBER_OBJECT_CONVERSION = YES_AGGRESSIVE;
				CLANG_CXX_LANGUAGE_STANDARD = "gnu++14";
				CLANG_CXX_LIBRARY = "libc++";
				CLANG_ENABLE_MODULES = YES;
				CLANG_ENABLE_OBJC_ARC = YES;
				CLANG_ENABLE_OBJC_WEAK = YES;
				CLANG_WARN_BLOCK_CAPTURE_AUTORELEASING = YES;
				CLANG_WARN_BOOL_CONVERSION = YES;
				CLANG_WARN_COMMA = YES;
				CLANG_WARN_CONSTANT_CONVERSION = YES;
				CLANG_WARN_DEPRECATED_OBJC_IMPLEMENTATIONS = YES;
				CLANG_WARN_DIRECT_OBJC_ISA_USAGE = YES_ERROR;
				CLANG_WARN_DOCUMENTATION_COMMENTS = YES;
				CLANG_WARN_EMPTY_BODY = YES;
				CLANG_WARN_ENUM_CONVERSION = YES;
				CLANG_WARN_INFINITE_RECURSION = YES;
				CLANG_WARN_INT_CONVERSION = YES;
				CLANG_WARN_NON_LITERAL_NULL_CONVERSION = YES;
				CLANG_WARN_OBJC_IMPLICIT_RETAIN_SELF = YES;
				CLANG_WARN_OBJC_LITERAL_CONVERSION = YES;
				CLANG_WARN_OBJC_ROOT_CLASS = YES_ERROR;
				CLANG_WARN_RANGE_LOOP_ANALYSIS = YES;
				CLANG_WARN_STRICT_PROTOTYPES = YES;
				CLANG_WARN_SUSPICIOUS_MOVE = YES;
				CLANG_WARN_UNGUARDED_AVAILABILITY = YES_AGGRESSIVE;
				CLANG_WARN_UNREACHABLE_CODE = YES;
				CLANG_WARN__DUPLICATE_METHOD_MATCH = YES;
				COPY_PHASE_STRIP = NO;
				DEBUG_INFORMATION_FORMAT = "dwarf-with-dsym";
				ENABLE_NS_ASSERTIONS = NO;
				ENABLE_STRICT_OBJC_MSGSEND = YES;
				GCC_C_LANGUAGE_STANDARD = gnu11;
				GCC_NO_COMMON_BLOCKS = YES;
				GCC_WARN_64_TO_32_BIT_CONVERSION = YES;
				GCC_WARN_ABOUT_RETURN_TYPE = YES_ERROR;
				GCC_WARN_UNDECLARED_SELECTOR = YES;
				GCC_WARN_UNINITIALIZED_AUTOS = YES_AGGRESSIVE;
				GCC_WARN_UNUSED_FUNCTION = YES;
				GCC_WARN_UNUSED_VARIABLE = YES;
				IPHONEOS_DEPLOYMENT_TARGET = 13.2;
				MTL_ENABLE_DEBUG_INFO = NO;
				MTL_FAST_MATH = YES;
				SDKROOT = iphoneos;
				SWIFT_COMPILATION_MODE = wholemodule;
				SWIFT_OPTIMIZATION_LEVEL = "-O";
				VALIDATE_PRODUCT = YES;
			};
			name = Release;
		};
		22EC0A7723FF628A00B022A2 /* Debug */ = {
			isa = XCBuildConfiguration;
			baseConfigurationReference = AFC967ECB96BF6BD23FBE448 /* Pods-MeTA.debug.xcconfig */;
			buildSettings = {
				ASSETCATALOG_COMPILER_APPICON_NAME = AppIcon;
				CODE_SIGN_STYLE = Automatic;
				DEVELOPMENT_TEAM = MS47QS8DHD;
				ENABLE_BITCODE = YES;
				FRAMEWORK_SEARCH_PATHS = "$(inherited)";
				INFOPLIST_FILE = MeTA/Info.plist;
				IPHONEOS_DEPLOYMENT_TARGET = 13.2;
				LD_RUNPATH_SEARCH_PATHS = (
					"$(inherited)",
					"@executable_path/Frameworks",
				);
				MACH_O_TYPE = mh_execute;
				PRODUCT_BUNDLE_IDENTIFIER = "MeTASenior-Design.com";
				PRODUCT_NAME = "$(TARGET_NAME)";
				SWIFT_VERSION = 5.0;
				TARGETED_DEVICE_FAMILY = "1,2";
			};
			name = Debug;
		};
		22EC0A7823FF628A00B022A2 /* Release */ = {
			isa = XCBuildConfiguration;
			baseConfigurationReference = 9990882020BFF4621ED34566 /* Pods-MeTA.release.xcconfig */;
			buildSettings = {
				ASSETCATALOG_COMPILER_APPICON_NAME = AppIcon;
				CODE_SIGN_STYLE = Automatic;
				DEVELOPMENT_TEAM = MS47QS8DHD;
				ENABLE_BITCODE = YES;
				FRAMEWORK_SEARCH_PATHS = "$(inherited)";
				INFOPLIST_FILE = MeTA/Info.plist;
				IPHONEOS_DEPLOYMENT_TARGET = 13.2;
				LD_RUNPATH_SEARCH_PATHS = (
					"$(inherited)",
					"@executable_path/Frameworks",
				);
				MACH_O_TYPE = mh_execute;
				PRODUCT_BUNDLE_IDENTIFIER = "MeTASenior-Design.com";
				PRODUCT_NAME = "$(TARGET_NAME)";
				SWIFT_VERSION = 5.0;
				TARGETED_DEVICE_FAMILY = "1,2";
			};
			name = Release;
		};
/* End XCBuildConfiguration section */

/* Begin XCConfigurationList section */
		22EC0A5A23FF628900B022A2 /* Build configuration list for PBXProject "MeTA" */ = {
			isa = XCConfigurationList;
			buildConfigurations = (
				22EC0A7423FF628A00B022A2 /* Debug */,
				22EC0A7523FF628A00B022A2 /* Release */,
			);
			defaultConfigurationIsVisible = 0;
			defaultConfigurationName = Release;
		};
		22EC0A7623FF628A00B022A2 /* Build configuration list for PBXNativeTarget "MeTA" */ = {
			isa = XCConfigurationList;
			buildConfigurations = (
				22EC0A7723FF628A00B022A2 /* Debug */,
				22EC0A7823FF628A00B022A2 /* Release */,
			);
			defaultConfigurationIsVisible = 0;
			defaultConfigurationName = Release;
		};
/* End XCConfigurationList section */
	};
	rootObject = 22EC0A5723FF628900B022A2 /* Project object */;
}
